
Microsoft Visual Studio Solution File, Format Version 12.00
# Visual Studio Version 16
VisualStudioVersion = 16.0.29519.87
MinimumVisualStudioVersion = 10.0.40219.1
Project("{8BC9CEB8-8B4A-11D0-8D11-00A0C91BC942}") = "shadowalk", "shadowalk\shadowalk.vcxproj", "{99AC3BA4-AA4A-47E0-B2A1-81E6DF7C9074}"
EndProject
Global
	GlobalSection(SolutionConfigurationPlatforms) = preSolution
		Debug|x64 = Debug|x64
		Debug|x86 = Debug|x86
		Release|x64 = Release|x64
		Release|x86 = Release|x86
	EndGlobalSection
	GlobalSection(ProjectConfigurationPlatforms) = postSolution
		{99AC3BA4-AA4A-47E0-B2A1-81E6DF7C9074}.Debug|x64.ActiveCfg = Debug|x64
		{99AC3BA4-AA4A-47E0-B2A1-81E6DF7C9074}.Debug|x64.Build.0 = Debug|x64
		{99AC3BA4-AA4A-47E0-B2A1-81E6DF7C9074}.Debug|x86.ActiveCfg = Debug|Win32
		{99AC3BA4-AA4A-47E0-B2A1-81E6DF7C9074}.Debug|x86.Build.0 = Debug|Win32
		{99AC3BA4-AA4A-47E0-B2A1-81E6DF7C9074}.Release|x64.ActiveCfg = Release|x64
		{99AC3BA4-AA4A-47E0-B2A1-81E6DF7C9074}.Release|x64.Build.0 = Release|x64
		{99AC3BA4-AA4A-47E0-B2A1-81E6DF7C9074}.Release|x86.ActiveCfg = Release|Win32
		{99AC3BA4-AA4A-47E0-B2A1-81E6DF7C9074}.Release|x86.Build.0 = Release|Win32
	EndGlobalSection
	GlobalSection(SolutionProperties) = preSolution
		HideSolutionNode = FALSE
	EndGlobalSection
	GlobalSection(ExtensibilityGlobals) = postSolution
		SolutionGuid = {DEE98CCF-7D91-49D1-9995-E3844F8C89D3}
	EndGlobalSection
EndGlobal
